
Microsoft Visual Studio Solution File, Format Version 12.00
# Visual Studio Version 17
VisualStudioVersion = 17.14.36623.8
MinimumVisualStudioVersion = 10.0.40219.1
Project("{2150E333-8FDC-42A3-9474-1A3956D46DE8}") = "chapter00", "chapter00", "{DDB4EF12-CC4E-5E88-E6FC-71A802F4DE97}"
EndProject
Project("{FAE04EC0-301F-11D3-BF4B-00C04F79EFBC}") = "Sample0416", "chapter00\Sample0416\Sample0416.csproj", "{3A7F7AFC-3DBE-4A5D-BD9E-B0D928EF715D}"
EndProject
Project("{FAE04EC0-301F-11D3-BF4B-00C04F79EFBC}") = "Sample0415", "chapter00\sample0415\sample0415\Sample0415.csproj", "{D0F00D84-AD20-C5D6-67FE-85D6CB59A7CE}"
EndProject
Project("{FAE04EC0-301F-11D3-BF4B-00C04F79EFBC}") = "Sample0413", "chapter00\sample0413\sample0413\Sample0413.csproj", "{EB11C1AF-3BBE-9D8B-B13B-CEF382F22312}"
EndProject
Project("{2150E333-8FDC-42A3-9474-1A3956D46DE8}") = "Chapter01", "Chapter01", "{001F2B3F-B8B1-4C05-9DCF-B8328632B1F2}"
EndProject
Project("{2150E333-8FDC-42A3-9474-1A3956D46DE8}") = "Chapter02", "Chapter02", "{D4264A2A-E8D3-4B83-A9E1-DBA7E026B392}"
EndProject
Project("{2150E333-8FDC-42A3-9474-1A3956D46DE8}") = "距離換算プログラム", "距離換算プログラム", "{B968AAC4-735F-4BFB-B69B-FDE2B718C959}"
EndProject
Project("{FAE04EC0-301F-11D3-BF4B-00C04F79EFBC}") = "DistanceConverter", "chapter02\距離換算プログラム\DistanceConverter\DistanceConverter.csproj", "{BD9E8F43-7A1F-465F-90B1-BDFF5AF25170}"
EndProject
Project("{2150E333-8FDC-42A3-9474-1A3956D46DE8}") = "chapter04", "chapter04", "{EB137A66-3DB4-449E-A3F1-AA5BEEA849D8}"
EndProject
Project("{2150E333-8FDC-42A3-9474-1A3956D46DE8}") = "P108_文字列を数値に変換する", "P108_文字列を数値に変換する", "{1ABF9CA9-598D-4980-ABA7-8C20148F9BA9}"
EndProject
Project("{FAE04EC0-301F-11D3-BF4B-00C04F79EFBC}") = "Code4_36", "chapter04\文字列を数値に変換する\Code4_36\Code4_36.csproj", "{D189B1FF-6EC0-4F64-AF5B-288CB1AAEFAE}"
EndProject
Project("{2150E333-8FDC-42A3-9474-1A3956D46DE8}") = "売上集計プログラム", "売上集計プログラム", "{8294F7E4-C93B-4DE7-BB42-EACD5A641E9E}"
EndProject
Project("{FAE04EC0-301F-11D3-BF4B-00C04F79EFBC}") = "SalesCalculator", "chapter02\売上集計プログラム\SalesCalculator\SalesCalculator.csproj", "{26CB1203-3BD9-41AE-A3BD-D2E1A6804975}"
EndProject
Project("{2150E333-8FDC-42A3-9474-1A3956D46DE8}") = "演習問題", "演習問題", "{2888554B-6EBB-4E46-A864-C089C7253E0D}"
EndProject
Project("{FAE04EC0-301F-11D3-BF4B-00C04F79EFBC}") = "Exercise01", "chapter02\演習問題\Exercise01\Exercise01.csproj", "{A77151CE-BE9B-4748-B0A5-0493DCD9598E}"
EndProject
Project("{FAE04EC0-301F-11D3-BF4B-00C04F79EFBC}") = "Exercise02", "chapter02\演習問題\Exercise02\Exercise02\Exercise02.csproj", "{16830BBA-36AA-4765-87BF-DEF5A256946A}"
EndProject
Project("{2150E333-8FDC-42A3-9474-1A3956D46DE8}") = "Chapter03", "Chapter03", "{90E1EBB2-D7B7-49B0-B078-BFFF6A115F3B}"
EndProject
Project("{2150E333-8FDC-42A3-9474-1A3956D46DE8}") = "ラムダ式とLINQ", "ラムダ式とLINQ", "{F790D8E2-2486-4611-9991-B035F50025FD}"
EndProject
Project("{FAE04EC0-301F-11D3-BF4B-00C04F79EFBC}") = "Section01", "chapter03\ラムダ式とLINQ\Section01\Section01.csproj", "{25B639CD-44C3-4A2A-8A33-04ED5F1BBE2F}"
EndProject
Project("{FAE04EC0-301F-11D3-BF4B-00C04F79EFBC}") = "Section04", "chapter03\ラムダ式とLINQ\Section04\Section04.csproj", "{1BCFD77C-AA5D-4259-9B79-F151363913A9}"
EndProject
Project("{2150E333-8FDC-42A3-9474-1A3956D46DE8}") = "演習問題", "演習問題", "{5CD2D5E2-4C59-4F8D-9E2C-EAF86F1A0681}"
EndProject
Project("{FAE04EC0-301F-11D3-BF4B-00C04F79EFBC}") = "Exercise01", "chapter03\演習問題\Exercise01\Exercise01.csproj", "{76AE355B-1730-4274-A037-79303A41B92A}"
EndProject
Project("{FAE04EC0-301F-11D3-BF4B-00C04F79EFBC}") = "Exercise02", "chapter03\演習問題\Exercise02\Exercise02.csproj", "{AE545A12-3F93-4464-82FB-DA59ADDAD9F9}"
EndProject
Project("{2150E333-8FDC-42A3-9474-1A3956D46DE8}") = "P098_nullに関するイディオム", "P098_nullに関するイディオム", "{FCE237EB-173F-4698-A6E7-7C6928ABEFB7}"
EndProject
Project("{FAE04EC0-301F-11D3-BF4B-00C04F79EFBC}") = "Section04", "chapter04\nullに関するイディオム\Section04\Section04.csproj", "{6935FBB3-5CE2-463F-BB98-449D0B6695D9}"
EndProject
Project("{2150E333-8FDC-42A3-9474-1A3956D46DE8}") = "演習問題", "演習問題", "{388E845E-7DDD-4F2A-8F86-19EE30CCCDB6}"
EndProject
Project("{FAE04EC0-301F-11D3-BF4B-00C04F79EFBC}") = "Exercise01", "chapter04\演習問題\Exercise01\Exercise01.csproj", "{D50DAA0D-599B-46EC-9731-32D579B1DFED}"
EndProject
Project("{FAE04EC0-301F-11D3-BF4B-00C04F79EFBC}") = "Exercise02", "chapter04\演習問題\Exercise02\Exercise02.csproj", "{6BAFDDBC-F7FD-402C-9B0E-0A315A74C411}"
EndProject
Project("{2150E333-8FDC-42A3-9474-1A3956D46DE8}") = "chapter05", "chapter05", "{300BC9FE-1060-4CBF-AE29-9AE34F29E66D}"
EndProject
Project("{2150E333-8FDC-42A3-9474-1A3956D46DE8}") = "プロパティに関するイディオム", "プロパティに関するイディオム", "{505DD5AC-BBDD-4C20-B76E-60B76CF2ABA9}"
EndProject
Project("{FAE04EC0-301F-11D3-BF4B-00C04F79EFBC}") = "Section01", "chapter05\プロパティに関するイディオム\Section01\Section01.csproj", "{1831B899-07FE-4BF8-B785-442B26645F6C}"
EndProject
Project("{2150E333-8FDC-42A3-9474-1A3956D46DE8}") = "メソッドに関するイディオム", "メソッドに関するイディオム", "{73FBEAE5-3E94-491E-B445-BEDAFF7CAE3B}"
EndProject
Project("{FAE04EC0-301F-11D3-BF4B-00C04F79EFBC}") = "Section02", "chapter05\メソッドに関するイディオム\Section02\Section02.csproj", "{1EF984DE-AC79-4517-A6A0-94869631666B}"
EndProject
Project("{2150E333-8FDC-42A3-9474-1A3956D46DE8}") = "演習問題", "演習問題", "{0307D47F-9C08-4E35-9AAD-A8F70C0E4483}"
EndProject
Project("{FAE04EC0-301F-11D3-BF4B-00C04F79EFBC}") = "Exercise01", "chapter05\演習問題\Exercise01\Exercise01.csproj", "{F6F471CD-44E2-4BD2-AC3D-36477F79F578}"
EndProject
Project("{FAE04EC0-301F-11D3-BF4B-00C04F79EFBC}") = "Exercise02", "chapter05\演習問題\Exercise02\Exercise02\Exercise02.csproj", "{F3CD6E6D-D0B4-4C4C-93FC-E3DCB6015262}"
EndProject
Project("{FAE04EC0-301F-11D3-BF4B-00C04F79EFBC}") = "Exercise03", "chapter05\演習問題\Exercise03\Exercise03.csproj", "{4E43DB1B-1037-4B5C-B873-53118871CDA0}"
EndProject
Project("{2150E333-8FDC-42A3-9474-1A3956D46DE8}") = "Chapter06", "Chapter06", "{44681344-4F16-4A63-A6C6-4F5EF6D7E1F6}"
EndProject
Project("{2150E333-8FDC-42A3-9474-1A3956D46DE8}") = "文字列の比較", "文字列の比較", "{30C98275-7D1B-4E12-BFC8-EBC90041006F}"
EndProject
Project("{FAE04EC0-301F-11D3-BF4B-00C04F79EFBC}") = "Section01", "Chapter06\文字列の比較\Section01\Section01.csproj", "{E030E527-D5C8-45FB-AF9A-DD354DDFBD1D}"
EndProject
Project("{2150E333-8FDC-42A3-9474-1A3956D46DE8}") = "演習問題", "演習問題", "{0A3E6F51-41A7-40C7-8EB7-9D94086CA490}"
EndProject
Project("{FAE04EC0-301F-11D3-BF4B-00C04F79EFBC}") = "Exercise01", "Chapter06\演習問題\Exercise01\Exercise01.csproj", "{6184B65A-3E8D-4ED9-A24D-385F8029F15E}"
EndProject
Project("{FAE04EC0-301F-11D3-BF4B-00C04F79EFBC}") = "Exercise02", "Chapter06\演習問題\Exercise02\Exercise02.csproj", "{62870D27-69A3-4EC1-9EB0-85BFD01EAE41}"
EndProject
Project("{FAE04EC0-301F-11D3-BF4B-00C04F79EFBC}") = "Exercise03", "Chapter06\演習問題\Exercise03\Exercise03.csproj", "{0194C1E9-003F-4D51-A6FA-83A6E9D3DB56}"
EndProject
Project("{2150E333-8FDC-42A3-9474-1A3956D46DE8}") = "文字列の連結と分割", "文字列の連結と分割", "{92904F1A-0403-4BB0-99F8-37DBF7CA956C}"
EndProject
Project("{FAE04EC0-301F-11D3-BF4B-00C04F79EFBC}") = "Section05", "Chapter06\文字列の連結と分割\Section05\Section05.csproj", "{5B2B99A0-2B2D-4DFD-A146-4264B5E2FE7F}"
EndProject
Project("{FAE04EC0-301F-11D3-BF4B-00C04F79EFBC}") = "Exercise04", "Chapter06\演習問題\Exercise04\Exercise04\Exercise04.csproj", "{DD1B68F5-869A-4DB9-93C4-10E3FB430F39}"
EndProject
Project("{2150E333-8FDC-42A3-9474-1A3956D46DE8}") = "Chapter07", "Chapter07", "{38C41212-25C1-4471-8A10-52698B2D8B3A}"
EndProject
Project("{2150E333-8FDC-42A3-9474-1A3956D46DE8}") = "演習問題", "演習問題", "{68E701D4-771E-4FA6-A35C-9AD0C0095114}"
EndProject
Project("{FAE04EC0-301F-11D3-BF4B-00C04F79EFBC}") = "Section01", "Chapter07\Section01\Section01.csproj", "{DA91A3FA-0187-4153-A5A4-8B816159F251}"
EndProject
Project("{FAE04EC0-301F-11D3-BF4B-00C04F79EFBC}") = "Exercise01", "Chapter07\演習問題\Exercise01\Exercise01.csproj", "{63877F09-0088-4DCE-BA58-D702C4357CB9}"
EndProject
Project("{FAE04EC0-301F-11D3-BF4B-00C04F79EFBC}") = "Exercise02", "Chapter07\演習問題\Exercise02\Exercise02.csproj", "{8F2F201B-F4B6-4D9C-9D1C-65A31858E548}"
EndProject
Project("{2150E333-8FDC-42A3-9474-1A3956D46DE8}") = "TestProject", "TestProject", "{24147D08-F0FE-4F89-88D7-25FFCDD2876C}"
EndProject
Project("{FAE04EC0-301F-11D3-BF4B-00C04F79EFBC}") = "Test01_01", "TestProject\Test01_01\Test01_01.csproj", "{B8441293-5D7D-B752-6216-4C5005BF772D}"
EndProject
Project("{FAE04EC0-301F-11D3-BF4B-00C04F79EFBC}") = "Test01_02", "TestProject\Test01_02\Test01_02.csproj", "{D7F347E4-C87C-CC1A-89F8-6D28A7CCB4B3}"
EndProject
Project("{2150E333-8FDC-42A3-9474-1A3956D46DE8}") = "Chapter08", "Chapter08", "{D961DAA7-5401-46C8-98D7-0FEA46DC622B}"
EndProject
Project("{FAE04EC0-301F-11D3-BF4B-00C04F79EFBC}") = "Section01", "Chapter08\Section01\Section01.csproj", "{52C4D036-0EEE-46B8-B6E4-05BD1A8F4BA2}"
EndProject
Project("{FAE04EC0-301F-11D3-BF4B-00C04F79EFBC}") = "Section02", "Chapter08\Section02\Section02.csproj", "{CCB3FF5C-CF3C-462B-8968-14A8E33F69A1}"
EndProject
Project("{FAE04EC0-301F-11D3-BF4B-00C04F79EFBC}") = "Section03", "Chapter08\Section03\Section03.csproj", "{DDBAB1FA-E5F0-4229-BBA8-1317AF9D2DE4}"
EndProject
Project("{2150E333-8FDC-42A3-9474-1A3956D46DE8}") = "演習問題", "演習問題", "{E1FCC5CE-A7D4-443F-9537-38234D478C0C}"
EndProject
Project("{FAE04EC0-301F-11D3-BF4B-00C04F79EFBC}") = "Exercise01", "Chapter08\演習問題\Exercise01\Exercise01.csproj", "{8D6419B9-8A99-4E3B-B8AE-2DABB0D45AC1}"
EndProject
Project("{FAE04EC0-301F-11D3-BF4B-00C04F79EFBC}") = "Exercise02", "Chapter08\演習問題\Exercise02\Exercise02.csproj", "{CA57E462-4BEB-4FFD-8D2E-537865FFCCDE}"
EndProject
Global
	GlobalSection(SolutionConfigurationPlatforms) = preSolution
		Debug|Any CPU = Debug|Any CPU
		Release|Any CPU = Release|Any CPU
	EndGlobalSection
	GlobalSection(ProjectConfigurationPlatforms) = postSolution
		{3A7F7AFC-3DBE-4A5D-BD9E-B0D928EF715D}.Debug|Any CPU.ActiveCfg = Debug|Any CPU
		{3A7F7AFC-3DBE-4A5D-BD9E-B0D928EF715D}.Debug|Any CPU.Build.0 = Debug|Any CPU
		{3A7F7AFC-3DBE-4A5D-BD9E-B0D928EF715D}.Release|Any CPU.ActiveCfg = Release|Any CPU
		{3A7F7AFC-3DBE-4A5D-BD9E-B0D928EF715D}.Release|Any CPU.Build.0 = Release|Any CPU
		{D0F00D84-AD20-C5D6-67FE-85D6CB59A7CE}.Debug|Any CPU.ActiveCfg = Debug|Any CPU
		{D0F00D84-AD20-C5D6-67FE-85D6CB59A7CE}.Debug|Any CPU.Build.0 = Debug|Any CPU
		{D0F00D84-AD20-C5D6-67FE-85D6CB59A7CE}.Release|Any CPU.ActiveCfg = Release|Any CPU
		{D0F00D84-AD20-C5D6-67FE-85D6CB59A7CE}.Release|Any CPU.Build.0 = Release|Any CPU
		{EB11C1AF-3BBE-9D8B-B13B-CEF382F22312}.Debug|Any CPU.ActiveCfg = Debug|Any CPU
		{EB11C1AF-3BBE-9D8B-B13B-CEF382F22312}.Debug|Any CPU.Build.0 = Debug|Any CPU
		{EB11C1AF-3BBE-9D8B-B13B-CEF382F22312}.Release|Any CPU.ActiveCfg = Release|Any CPU
		{EB11C1AF-3BBE-9D8B-B13B-CEF382F22312}.Release|Any CPU.Build.0 = Release|Any CPU
		{BD9E8F43-7A1F-465F-90B1-BDFF5AF25170}.Debug|Any CPU.ActiveCfg = Debug|Any CPU
		{BD9E8F43-7A1F-465F-90B1-BDFF5AF25170}.Debug|Any CPU.Build.0 = Debug|Any CPU
		{BD9E8F43-7A1F-465F-90B1-BDFF5AF25170}.Release|Any CPU.ActiveCfg = Release|Any CPU
		{BD9E8F43-7A1F-465F-90B1-BDFF5AF25170}.Release|Any CPU.Build.0 = Release|Any CPU
		{D189B1FF-6EC0-4F64-AF5B-288CB1AAEFAE}.Debug|Any CPU.ActiveCfg = Debug|Any CPU
		{D189B1FF-6EC0-4F64-AF5B-288CB1AAEFAE}.Debug|Any CPU.Build.0 = Debug|Any CPU
		{D189B1FF-6EC0-4F64-AF5B-288CB1AAEFAE}.Release|Any CPU.ActiveCfg = Release|Any CPU
		{D189B1FF-6EC0-4F64-AF5B-288CB1AAEFAE}.Release|Any CPU.Build.0 = Release|Any CPU
		{26CB1203-3BD9-41AE-A3BD-D2E1A6804975}.Debug|Any CPU.ActiveCfg = Debug|Any CPU
		{26CB1203-3BD9-41AE-A3BD-D2E1A6804975}.Debug|Any CPU.Build.0 = Debug|Any CPU
		{26CB1203-3BD9-41AE-A3BD-D2E1A6804975}.Release|Any CPU.ActiveCfg = Release|Any CPU
		{26CB1203-3BD9-41AE-A3BD-D2E1A6804975}.Release|Any CPU.Build.0 = Release|Any CPU
		{A77151CE-BE9B-4748-B0A5-0493DCD9598E}.Debug|Any CPU.ActiveCfg = Debug|Any CPU
		{A77151CE-BE9B-4748-B0A5-0493DCD9598E}.Debug|Any CPU.Build.0 = Debug|Any CPU
		{A77151CE-BE9B-4748-B0A5-0493DCD9598E}.Release|Any CPU.ActiveCfg = Release|Any CPU
		{A77151CE-BE9B-4748-B0A5-0493DCD9598E}.Release|Any CPU.Build.0 = Release|Any CPU
		{16830BBA-36AA-4765-87BF-DEF5A256946A}.Debug|Any CPU.ActiveCfg = Debug|Any CPU
		{16830BBA-36AA-4765-87BF-DEF5A256946A}.Debug|Any CPU.Build.0 = Debug|Any CPU
		{16830BBA-36AA-4765-87BF-DEF5A256946A}.Release|Any CPU.ActiveCfg = Release|Any CPU
		{16830BBA-36AA-4765-87BF-DEF5A256946A}.Release|Any CPU.Build.0 = Release|Any CPU
		{25B639CD-44C3-4A2A-8A33-04ED5F1BBE2F}.Debug|Any CPU.ActiveCfg = Debug|Any CPU
		{25B639CD-44C3-4A2A-8A33-04ED5F1BBE2F}.Debug|Any CPU.Build.0 = Debug|Any CPU
		{25B639CD-44C3-4A2A-8A33-04ED5F1BBE2F}.Release|Any CPU.ActiveCfg = Release|Any CPU
		{25B639CD-44C3-4A2A-8A33-04ED5F1BBE2F}.Release|Any CPU.Build.0 = Release|Any CPU
		{1BCFD77C-AA5D-4259-9B79-F151363913A9}.Debug|Any CPU.ActiveCfg = Debug|Any CPU
		{1BCFD77C-AA5D-4259-9B79-F151363913A9}.Debug|Any CPU.Build.0 = Debug|Any CPU
		{1BCFD77C-AA5D-4259-9B79-F151363913A9}.Release|Any CPU.ActiveCfg = Release|Any CPU
		{1BCFD77C-AA5D-4259-9B79-F151363913A9}.Release|Any CPU.Build.0 = Release|Any CPU
		{76AE355B-1730-4274-A037-79303A41B92A}.Debug|Any CPU.ActiveCfg = Debug|Any CPU
		{76AE355B-1730-4274-A037-79303A41B92A}.Debug|Any CPU.Build.0 = Debug|Any CPU
		{76AE355B-1730-4274-A037-79303A41B92A}.Release|Any CPU.ActiveCfg = Release|Any CPU
		{76AE355B-1730-4274-A037-79303A41B92A}.Release|Any CPU.Build.0 = Release|Any CPU
		{AE545A12-3F93-4464-82FB-DA59ADDAD9F9}.Debug|Any CPU.ActiveCfg = Debug|Any CPU
		{AE545A12-3F93-4464-82FB-DA59ADDAD9F9}.Debug|Any CPU.Build.0 = Debug|Any CPU
		{AE545A12-3F93-4464-82FB-DA59ADDAD9F9}.Release|Any CPU.ActiveCfg = Release|Any CPU
		{AE545A12-3F93-4464-82FB-DA59ADDAD9F9}.Release|Any CPU.Build.0 = Release|Any CPU
		{6935FBB3-5CE2-463F-BB98-449D0B6695D9}.Debug|Any CPU.ActiveCfg = Debug|Any CPU
		{6935FBB3-5CE2-463F-BB98-449D0B6695D9}.Debug|Any CPU.Build.0 = Debug|Any CPU
		{6935FBB3-5CE2-463F-BB98-449D0B6695D9}.Release|Any CPU.ActiveCfg = Release|Any CPU
		{6935FBB3-5CE2-463F-BB98-449D0B6695D9}.Release|Any CPU.Build.0 = Release|Any CPU
		{D50DAA0D-599B-46EC-9731-32D579B1DFED}.Debug|Any CPU.ActiveCfg = Debug|Any CPU
		{D50DAA0D-599B-46EC-9731-32D579B1DFED}.Debug|Any CPU.Build.0 = Debug|Any CPU
		{D50DAA0D-599B-46EC-9731-32D579B1DFED}.Release|Any CPU.ActiveCfg = Release|Any CPU
		{D50DAA0D-599B-46EC-9731-32D579B1DFED}.Release|Any CPU.Build.0 = Release|Any CPU
		{6BAFDDBC-F7FD-402C-9B0E-0A315A74C411}.Debug|Any CPU.ActiveCfg = Debug|Any CPU
		{6BAFDDBC-F7FD-402C-9B0E-0A315A74C411}.Debug|Any CPU.Build.0 = Debug|Any CPU
		{6BAFDDBC-F7FD-402C-9B0E-0A315A74C411}.Release|Any CPU.ActiveCfg = Release|Any CPU
		{6BAFDDBC-F7FD-402C-9B0E-0A315A74C411}.Release|Any CPU.Build.0 = Release|Any CPU
		{1831B899-07FE-4BF8-B785-442B26645F6C}.Debug|Any CPU.ActiveCfg = Debug|Any CPU
		{1831B899-07FE-4BF8-B785-442B26645F6C}.Debug|Any CPU.Build.0 = Debug|Any CPU
		{1831B899-07FE-4BF8-B785-442B26645F6C}.Release|Any CPU.ActiveCfg = Release|Any CPU
		{1831B899-07FE-4BF8-B785-442B26645F6C}.Release|Any CPU.Build.0 = Release|Any CPU
		{1EF984DE-AC79-4517-A6A0-94869631666B}.Debug|Any CPU.ActiveCfg = Debug|Any CPU
		{1EF984DE-AC79-4517-A6A0-94869631666B}.Debug|Any CPU.Build.0 = Debug|Any CPU
		{1EF984DE-AC79-4517-A6A0-94869631666B}.Release|Any CPU.ActiveCfg = Release|Any CPU
		{1EF984DE-AC79-4517-A6A0-94869631666B}.Release|Any CPU.Build.0 = Release|Any CPU
		{F6F471CD-44E2-4BD2-AC3D-36477F79F578}.Debug|Any CPU.ActiveCfg = Debug|Any CPU
		{F6F471CD-44E2-4BD2-AC3D-36477F79F578}.Debug|Any CPU.Build.0 = Debug|Any CPU
		{F6F471CD-44E2-4BD2-AC3D-36477F79F578}.Release|Any CPU.ActiveCfg = Release|Any CPU
		{F6F471CD-44E2-4BD2-AC3D-36477F79F578}.Release|Any CPU.Build.0 = Release|Any CPU
		{F3CD6E6D-D0B4-4C4C-93FC-E3DCB6015262}.Debug|Any CPU.ActiveCfg = Debug|Any CPU
		{F3CD6E6D-D0B4-4C4C-93FC-E3DCB6015262}.Debug|Any CPU.Build.0 = Debug|Any CPU
		{F3CD6E6D-D0B4-4C4C-93FC-E3DCB6015262}.Release|Any CPU.ActiveCfg = Release|Any CPU
		{F3CD6E6D-D0B4-4C4C-93FC-E3DCB6015262}.Release|Any CPU.Build.0 = Release|Any CPU
		{4E43DB1B-1037-4B5C-B873-53118871CDA0}.Debug|Any CPU.ActiveCfg = Debug|Any CPU
		{4E43DB1B-1037-4B5C-B873-53118871CDA0}.Debug|Any CPU.Build.0 = Debug|Any CPU
		{4E43DB1B-1037-4B5C-B873-53118871CDA0}.Release|Any CPU.ActiveCfg = Release|Any CPU
		{4E43DB1B-1037-4B5C-B873-53118871CDA0}.Release|Any CPU.Build.0 = Release|Any CPU
		{E030E527-D5C8-45FB-AF9A-DD354DDFBD1D}.Debug|Any CPU.ActiveCfg = Debug|Any CPU
		{E030E527-D5C8-45FB-AF9A-DD354DDFBD1D}.Debug|Any CPU.Build.0 = Debug|Any CPU
		{E030E527-D5C8-45FB-AF9A-DD354DDFBD1D}.Release|Any CPU.ActiveCfg = Release|Any CPU
		{E030E527-D5C8-45FB-AF9A-DD354DDFBD1D}.Release|Any CPU.Build.0 = Release|Any CPU
		{6184B65A-3E8D-4ED9-A24D-385F8029F15E}.Debug|Any CPU.ActiveCfg = Debug|Any CPU
		{6184B65A-3E8D-4ED9-A24D-385F8029F15E}.Debug|Any CPU.Build.0 = Debug|Any CPU
		{6184B65A-3E8D-4ED9-A24D-385F8029F15E}.Release|Any CPU.ActiveCfg = Release|Any CPU
		{6184B65A-3E8D-4ED9-A24D-385F8029F15E}.Release|Any CPU.Build.0 = Release|Any CPU
		{62870D27-69A3-4EC1-9EB0-85BFD01EAE41}.Debug|Any CPU.ActiveCfg = Debug|Any CPU
		{62870D27-69A3-4EC1-9EB0-85BFD01EAE41}.Debug|Any CPU.Build.0 = Debug|Any CPU
		{62870D27-69A3-4EC1-9EB0-85BFD01EAE41}.Release|Any CPU.ActiveCfg = Release|Any CPU
		{62870D27-69A3-4EC1-9EB0-85BFD01EAE41}.Release|Any CPU.Build.0 = Release|Any CPU
		{0194C1E9-003F-4D51-A6FA-83A6E9D3DB56}.Debug|Any CPU.ActiveCfg = Debug|Any CPU
		{0194C1E9-003F-4D51-A6FA-83A6E9D3DB56}.Debug|Any CPU.Build.0 = Debug|Any CPU
		{0194C1E9-003F-4D51-A6FA-83A6E9D3DB56}.Release|Any CPU.ActiveCfg = Release|Any CPU
		{0194C1E9-003F-4D51-A6FA-83A6E9D3DB56}.Release|Any CPU.Build.0 = Release|Any CPU
		{5B2B99A0-2B2D-4DFD-A146-4264B5E2FE7F}.Debug|Any CPU.ActiveCfg = Debug|Any CPU
		{5B2B99A0-2B2D-4DFD-A146-4264B5E2FE7F}.Debug|Any CPU.Build.0 = Debug|Any CPU
		{5B2B99A0-2B2D-4DFD-A146-4264B5E2FE7F}.Release|Any CPU.ActiveCfg = Release|Any CPU
		{5B2B99A0-2B2D-4DFD-A146-4264B5E2FE7F}.Release|Any CPU.Build.0 = Release|Any CPU
		{DD1B68F5-869A-4DB9-93C4-10E3FB430F39}.Debug|Any CPU.ActiveCfg = Debug|Any CPU
		{DD1B68F5-869A-4DB9-93C4-10E3FB430F39}.Debug|Any CPU.Build.0 = Debug|Any CPU
		{DD1B68F5-869A-4DB9-93C4-10E3FB430F39}.Release|Any CPU.ActiveCfg = Release|Any CPU
		{DD1B68F5-869A-4DB9-93C4-10E3FB430F39}.Release|Any CPU.Build.0 = Release|Any CPU
		{DA91A3FA-0187-4153-A5A4-8B816159F251}.Debug|Any CPU.ActiveCfg = Debug|Any CPU
		{DA91A3FA-0187-4153-A5A4-8B816159F251}.Debug|Any CPU.Build.0 = Debug|Any CPU
		{DA91A3FA-0187-4153-A5A4-8B816159F251}.Release|Any CPU.ActiveCfg = Release|Any CPU
		{DA91A3FA-0187-4153-A5A4-8B816159F251}.Release|Any CPU.Build.0 = Release|Any CPU
		{63877F09-0088-4DCE-BA58-D702C4357CB9}.Debug|Any CPU.ActiveCfg = Debug|Any CPU
		{63877F09-0088-4DCE-BA58-D702C4357CB9}.Debug|Any CPU.Build.0 = Debug|Any CPU
		{63877F09-0088-4DCE-BA58-D702C4357CB9}.Release|Any CPU.ActiveCfg = Release|Any CPU
		{63877F09-0088-4DCE-BA58-D702C4357CB9}.Release|Any CPU.Build.0 = Release|Any CPU
		{8F2F201B-F4B6-4D9C-9D1C-65A31858E548}.Debug|Any CPU.ActiveCfg = Debug|Any CPU
		{8F2F201B-F4B6-4D9C-9D1C-65A31858E548}.Debug|Any CPU.Build.0 = Debug|Any CPU
		{8F2F201B-F4B6-4D9C-9D1C-65A31858E548}.Release|Any CPU.ActiveCfg = Release|Any CPU
		{8F2F201B-F4B6-4D9C-9D1C-65A31858E548}.Release|Any CPU.Build.0 = Release|Any CPU
		{B8441293-5D7D-B752-6216-4C5005BF772D}.Debug|Any CPU.ActiveCfg = Debug|Any CPU
		{B8441293-5D7D-B752-6216-4C5005BF772D}.Debug|Any CPU.Build.0 = Debug|Any CPU
		{B8441293-5D7D-B752-6216-4C5005BF772D}.Release|Any CPU.ActiveCfg = Release|Any CPU
		{B8441293-5D7D-B752-6216-4C5005BF772D}.Release|Any CPU.Build.0 = Release|Any CPU
		{D7F347E4-C87C-CC1A-89F8-6D28A7CCB4B3}.Debug|Any CPU.ActiveCfg = Debug|Any CPU
		{D7F347E4-C87C-CC1A-89F8-6D28A7CCB4B3}.Debug|Any CPU.Build.0 = Debug|Any CPU
		{D7F347E4-C87C-CC1A-89F8-6D28A7CCB4B3}.Release|Any CPU.ActiveCfg = Release|Any CPU
		{D7F347E4-C87C-CC1A-89F8-6D28A7CCB4B3}.Release|Any CPU.Build.0 = Release|Any CPU
		{52C4D036-0EEE-46B8-B6E4-05BD1A8F4BA2}.Debug|Any CPU.ActiveCfg = Debug|Any CPU
		{52C4D036-0EEE-46B8-B6E4-05BD1A8F4BA2}.Debug|Any CPU.Build.0 = Debug|Any CPU
		{52C4D036-0EEE-46B8-B6E4-05BD1A8F4BA2}.Release|Any CPU.ActiveCfg = Release|Any CPU
		{52C4D036-0EEE-46B8-B6E4-05BD1A8F4BA2}.Release|Any CPU.Build.0 = Release|Any CPU
		{CCB3FF5C-CF3C-462B-8968-14A8E33F69A1}.Debug|Any CPU.ActiveCfg = Debug|Any CPU
		{CCB3FF5C-CF3C-462B-8968-14A8E33F69A1}.Debug|Any CPU.Build.0 = Debug|Any CPU
		{CCB3FF5C-CF3C-462B-8968-14A8E33F69A1}.Release|Any CPU.ActiveCfg = Release|Any CPU
		{CCB3FF5C-CF3C-462B-8968-14A8E33F69A1}.Release|Any CPU.Build.0 = Release|Any CPU
		{DDBAB1FA-E5F0-4229-BBA8-1317AF9D2DE4}.Debug|Any CPU.ActiveCfg = Debug|Any CPU
		{DDBAB1FA-E5F0-4229-BBA8-1317AF9D2DE4}.Debug|Any CPU.Build.0 = Debug|Any CPU
		{DDBAB1FA-E5F0-4229-BBA8-1317AF9D2DE4}.Release|Any CPU.ActiveCfg = Release|Any CPU
		{DDBAB1FA-E5F0-4229-BBA8-1317AF9D2DE4}.Release|Any CPU.Build.0 = Release|Any CPU
		{8D6419B9-8A99-4E3B-B8AE-2DABB0D45AC1}.Debug|Any CPU.ActiveCfg = Debug|Any CPU
		{8D6419B9-8A99-4E3B-B8AE-2DABB0D45AC1}.Debug|Any CPU.Build.0 = Debug|Any CPU
		{8D6419B9-8A99-4E3B-B8AE-2DABB0D45AC1}.Release|Any CPU.ActiveCfg = Release|Any CPU
		{8D6419B9-8A99-4E3B-B8AE-2DABB0D45AC1}.Release|Any CPU.Build.0 = Release|Any CPU
		{CA57E462-4BEB-4FFD-8D2E-537865FFCCDE}.Debug|Any CPU.ActiveCfg = Debug|Any CPU
		{CA57E462-4BEB-4FFD-8D2E-537865FFCCDE}.Debug|Any CPU.Build.0 = Debug|Any CPU
		{CA57E462-4BEB-4FFD-8D2E-537865FFCCDE}.Release|Any CPU.ActiveCfg = Release|Any CPU
		{CA57E462-4BEB-4FFD-8D2E-537865FFCCDE}.Release|Any CPU.Build.0 = Release|Any CPU
	EndGlobalSection
	GlobalSection(SolutionProperties) = preSolution
		HideSolutionNode = FALSE
	EndGlobalSection
	GlobalSection(NestedProjects) = preSolution
		{3A7F7AFC-3DBE-4A5D-BD9E-B0D928EF715D} = {DDB4EF12-CC4E-5E88-E6FC-71A802F4DE97}
		{D0F00D84-AD20-C5D6-67FE-85D6CB59A7CE} = {DDB4EF12-CC4E-5E88-E6FC-71A802F4DE97}
		{EB11C1AF-3BBE-9D8B-B13B-CEF382F22312} = {DDB4EF12-CC4E-5E88-E6FC-71A802F4DE97}
		{B968AAC4-735F-4BFB-B69B-FDE2B718C959} = {D4264A2A-E8D3-4B83-A9E1-DBA7E026B392}
		{BD9E8F43-7A1F-465F-90B1-BDFF5AF25170} = {B968AAC4-735F-4BFB-B69B-FDE2B718C959}
		{1ABF9CA9-598D-4980-ABA7-8C20148F9BA9} = {EB137A66-3DB4-449E-A3F1-AA5BEEA849D8}
		{D189B1FF-6EC0-4F64-AF5B-288CB1AAEFAE} = {1ABF9CA9-598D-4980-ABA7-8C20148F9BA9}
		{8294F7E4-C93B-4DE7-BB42-EACD5A641E9E} = {D4264A2A-E8D3-4B83-A9E1-DBA7E026B392}
		{26CB1203-3BD9-41AE-A3BD-D2E1A6804975} = {8294F7E4-C93B-4DE7-BB42-EACD5A641E9E}
		{2888554B-6EBB-4E46-A864-C089C7253E0D} = {D4264A2A-E8D3-4B83-A9E1-DBA7E026B392}
		{A77151CE-BE9B-4748-B0A5-0493DCD9598E} = {2888554B-6EBB-4E46-A864-C089C7253E0D}
		{16830BBA-36AA-4765-87BF-DEF5A256946A} = {2888554B-6EBB-4E46-A864-C089C7253E0D}
		{F790D8E2-2486-4611-9991-B035F50025FD} = {90E1EBB2-D7B7-49B0-B078-BFFF6A115F3B}
		{25B639CD-44C3-4A2A-8A33-04ED5F1BBE2F} = {F790D8E2-2486-4611-9991-B035F50025FD}
		{1BCFD77C-AA5D-4259-9B79-F151363913A9} = {F790D8E2-2486-4611-9991-B035F50025FD}
		{5CD2D5E2-4C59-4F8D-9E2C-EAF86F1A0681} = {90E1EBB2-D7B7-49B0-B078-BFFF6A115F3B}
		{76AE355B-1730-4274-A037-79303A41B92A} = {5CD2D5E2-4C59-4F8D-9E2C-EAF86F1A0681}
		{AE545A12-3F93-4464-82FB-DA59ADDAD9F9} = {5CD2D5E2-4C59-4F8D-9E2C-EAF86F1A0681}
		{FCE237EB-173F-4698-A6E7-7C6928ABEFB7} = {EB137A66-3DB4-449E-A3F1-AA5BEEA849D8}
		{6935FBB3-5CE2-463F-BB98-449D0B6695D9} = {FCE237EB-173F-4698-A6E7-7C6928ABEFB7}
		{388E845E-7DDD-4F2A-8F86-19EE30CCCDB6} = {EB137A66-3DB4-449E-A3F1-AA5BEEA849D8}
		{D50DAA0D-599B-46EC-9731-32D579B1DFED} = {388E845E-7DDD-4F2A-8F86-19EE30CCCDB6}
		{6BAFDDBC-F7FD-402C-9B0E-0A315A74C411} = {388E845E-7DDD-4F2A-8F86-19EE30CCCDB6}
		{505DD5AC-BBDD-4C20-B76E-60B76CF2ABA9} = {300BC9FE-1060-4CBF-AE29-9AE34F29E66D}
		{1831B899-07FE-4BF8-B785-442B26645F6C} = {505DD5AC-BBDD-4C20-B76E-60B76CF2ABA9}
		{73FBEAE5-3E94-491E-B445-BEDAFF7CAE3B} = {505DD5AC-BBDD-4C20-B76E-60B76CF2ABA9}
		{1EF984DE-AC79-4517-A6A0-94869631666B} = {73FBEAE5-3E94-491E-B445-BEDAFF7CAE3B}
		{0307D47F-9C08-4E35-9AAD-A8F70C0E4483} = {300BC9FE-1060-4CBF-AE29-9AE34F29E66D}
		{F6F471CD-44E2-4BD2-AC3D-36477F79F578} = {0307D47F-9C08-4E35-9AAD-A8F70C0E4483}
		{F3CD6E6D-D0B4-4C4C-93FC-E3DCB6015262} = {0307D47F-9C08-4E35-9AAD-A8F70C0E4483}
		{4E43DB1B-1037-4B5C-B873-53118871CDA0} = {0307D47F-9C08-4E35-9AAD-A8F70C0E4483}
		{30C98275-7D1B-4E12-BFC8-EBC90041006F} = {44681344-4F16-4A63-A6C6-4F5EF6D7E1F6}
		{E030E527-D5C8-45FB-AF9A-DD354DDFBD1D} = {30C98275-7D1B-4E12-BFC8-EBC90041006F}
		{0A3E6F51-41A7-40C7-8EB7-9D94086CA490} = {44681344-4F16-4A63-A6C6-4F5EF6D7E1F6}
		{6184B65A-3E8D-4ED9-A24D-385F8029F15E} = {0A3E6F51-41A7-40C7-8EB7-9D94086CA490}
		{62870D27-69A3-4EC1-9EB0-85BFD01EAE41} = {0A3E6F51-41A7-40C7-8EB7-9D94086CA490}
		{0194C1E9-003F-4D51-A6FA-83A6E9D3DB56} = {0A3E6F51-41A7-40C7-8EB7-9D94086CA490}
		{92904F1A-0403-4BB0-99F8-37DBF7CA956C} = {44681344-4F16-4A63-A6C6-4F5EF6D7E1F6}
		{5B2B99A0-2B2D-4DFD-A146-4264B5E2FE7F} = {92904F1A-0403-4BB0-99F8-37DBF7CA956C}
		{DD1B68F5-869A-4DB9-93C4-10E3FB430F39} = {0A3E6F51-41A7-40C7-8EB7-9D94086CA490}
		{68E701D4-771E-4FA6-A35C-9AD0C0095114} = {38C41212-25C1-4471-8A10-52698B2D8B3A}
		{DA91A3FA-0187-4153-A5A4-8B816159F251} = {38C41212-25C1-4471-8A10-52698B2D8B3A}
		{63877F09-0088-4DCE-BA58-D702C4357CB9} = {68E701D4-771E-4FA6-A35C-9AD0C0095114}
		{8F2F201B-F4B6-4D9C-9D1C-65A31858E548} = {68E701D4-771E-4FA6-A35C-9AD0C0095114}
		{B8441293-5D7D-B752-6216-4C5005BF772D} = {24147D08-F0FE-4F89-88D7-25FFCDD2876C}
		{D7F347E4-C87C-CC1A-89F8-6D28A7CCB4B3} = {24147D08-F0FE-4F89-88D7-25FFCDD2876C}
		{52C4D036-0EEE-46B8-B6E4-05BD1A8F4BA2} = {D961DAA7-5401-46C8-98D7-0FEA46DC622B}
		{CCB3FF5C-CF3C-462B-8968-14A8E33F69A1} = {D961DAA7-5401-46C8-98D7-0FEA46DC622B}
		{DDBAB1FA-E5F0-4229-BBA8-1317AF9D2DE4} = {D961DAA7-5401-46C8-98D7-0FEA46DC622B}
		{E1FCC5CE-A7D4-443F-9537-38234D478C0C} = {D961DAA7-5401-46C8-98D7-0FEA46DC622B}
		{8D6419B9-8A99-4E3B-B8AE-2DABB0D45AC1} = {E1FCC5CE-A7D4-443F-9537-38234D478C0C}
		{CA57E462-4BEB-4FFD-8D2E-537865FFCCDE} = {E1FCC5CE-A7D4-443F-9537-38234D478C0C}
	EndGlobalSection
	GlobalSection(ExtensibilityGlobals) = postSolution
		SolutionGuid = {8A3F110E-C340-4706-9BE0-185F4A7C2A46}
	EndGlobalSection
EndGlobal
