
Microsoft Visual Studio Solution File, Format Version 12.00
# Visual Studio Version 17
VisualStudioVersion = 17.14.36623.8
MinimumVisualStudioVersion = 10.0.40219.1
Project("{2150E333-8FDC-42A3-9474-1A3956D46DE8}") = "chapter00", "chapter00", "{DDB4EF12-CC4E-5E88-E6FC-71A802F4DE97}"
EndProject
Project("{FAE04EC0-301F-11D3-BF4B-00C04F79EFBC}") = "Sample0416", "chapter00\Sample0416\Sample0416.csproj", "{3A7F7AFC-3DBE-4A5D-BD9E-B0D928EF715D}"
EndProject
Project("{FAE04EC0-301F-11D3-BF4B-00C04F79EFBC}") = "Sample0415", "chapter00\sample0415\sample0415\Sample0415.csproj", "{D0F00D84-AD20-C5D6-67FE-85D6CB59A7CE}"
EndProject
Project("{FAE04EC0-301F-11D3-BF4B-00C04F79EFBC}") = "Sample0413", "chapter00\sample0413\sample0413\Sample0413.csproj", "{EB11C1AF-3BBE-9D8B-B13B-CEF382F22312}"
EndProject
Project("{2150E333-8FDC-42A3-9474-1A3956D46DE8}") = "Chapter01", "Chapter01", "{001F2B3F-B8B1-4C05-9DCF-B8328632B1F2}"
EndProject
Project("{2150E333-8FDC-42A3-9474-1A3956D46DE8}") = "Chapter02", "Chapter02", "{D4264A2A-E8D3-4B83-A9E1-DBA7E026B392}"
EndProject
Project("{2150E333-8FDC-42A3-9474-1A3956D46DE8}") = "距離換算プログラム", "距離換算プログラム", "{B968AAC4-735F-4BFB-B69B-FDE2B718C959}"
EndProject
Project("{FAE04EC0-301F-11D3-BF4B-00C04F79EFBC}") = "DistanceConverter", "chapter02\距離換算プログラム\DistanceConverter\DistanceConverter.csproj", "{BD9E8F43-7A1F-465F-90B1-BDFF5AF25170}"
EndProject
Project("{2150E333-8FDC-42A3-9474-1A3956D46DE8}") = "chapter04", "chapter04", "{EB137A66-3DB4-449E-A3F1-AA5BEEA849D8}"
EndProject
Project("{2150E333-8FDC-42A3-9474-1A3956D46DE8}") = "P108_文字列を数値に変換する", "P108_文字列を数値に変換する", "{1ABF9CA9-598D-4980-ABA7-8C20148F9BA9}"
EndProject
Project("{FAE04EC0-301F-11D3-BF4B-00C04F79EFBC}") = "Code4_36", "chapter04\文字列を数値に変換する\Code4_36\Code4_36.csproj", "{D189B1FF-6EC0-4F64-AF5B-288CB1AAEFAE}"
EndProject
Project("{2150E333-8FDC-42A3-9474-1A3956D46DE8}") = "売上集計プログラム", "売上集計プログラム", "{8294F7E4-C93B-4DE7-BB42-EACD5A641E9E}"
EndProject
Project("{FAE04EC0-301F-11D3-BF4B-00C04F79EFBC}") = "SalesCalculator", "chapter02\売上集計プログラム\SalesCalculator\SalesCalculator.csproj", "{26CB1203-3BD9-41AE-A3BD-D2E1A6804975}"
EndProject
Global
	GlobalSection(SolutionConfigurationPlatforms) = preSolution
		Debug|Any CPU = Debug|Any CPU
		Release|Any CPU = Release|Any CPU
	EndGlobalSection
	GlobalSection(ProjectConfigurationPlatforms) = postSolution
		{3A7F7AFC-3DBE-4A5D-BD9E-B0D928EF715D}.Debug|Any CPU.ActiveCfg = Debug|Any CPU
		{3A7F7AFC-3DBE-4A5D-BD9E-B0D928EF715D}.Debug|Any CPU.Build.0 = Debug|Any CPU
		{3A7F7AFC-3DBE-4A5D-BD9E-B0D928EF715D}.Release|Any CPU.ActiveCfg = Release|Any CPU
		{3A7F7AFC-3DBE-4A5D-BD9E-B0D928EF715D}.Release|Any CPU.Build.0 = Release|Any CPU
		{D0F00D84-AD20-C5D6-67FE-85D6CB59A7CE}.Debug|Any CPU.ActiveCfg = Debug|Any CPU
		{D0F00D84-AD20-C5D6-67FE-85D6CB59A7CE}.Debug|Any CPU.Build.0 = Debug|Any CPU
		{D0F00D84-AD20-C5D6-67FE-85D6CB59A7CE}.Release|Any CPU.ActiveCfg = Release|Any CPU
		{D0F00D84-AD20-C5D6-67FE-85D6CB59A7CE}.Release|Any CPU.Build.0 = Release|Any CPU
		{EB11C1AF-3BBE-9D8B-B13B-CEF382F22312}.Debug|Any CPU.ActiveCfg = Debug|Any CPU
		{EB11C1AF-3BBE-9D8B-B13B-CEF382F22312}.Debug|Any CPU.Build.0 = Debug|Any CPU
		{EB11C1AF-3BBE-9D8B-B13B-CEF382F22312}.Release|Any CPU.ActiveCfg = Release|Any CPU
		{EB11C1AF-3BBE-9D8B-B13B-CEF382F22312}.Release|Any CPU.Build.0 = Release|Any CPU
		{BD9E8F43-7A1F-465F-90B1-BDFF5AF25170}.Debug|Any CPU.ActiveCfg = Debug|Any CPU
		{BD9E8F43-7A1F-465F-90B1-BDFF5AF25170}.Debug|Any CPU.Build.0 = Debug|Any CPU
		{BD9E8F43-7A1F-465F-90B1-BDFF5AF25170}.Release|Any CPU.ActiveCfg = Release|Any CPU
		{BD9E8F43-7A1F-465F-90B1-BDFF5AF25170}.Release|Any CPU.Build.0 = Release|Any CPU
		{D189B1FF-6EC0-4F64-AF5B-288CB1AAEFAE}.Debug|Any CPU.ActiveCfg = Debug|Any CPU
		{D189B1FF-6EC0-4F64-AF5B-288CB1AAEFAE}.Debug|Any CPU.Build.0 = Debug|Any CPU
		{D189B1FF-6EC0-4F64-AF5B-288CB1AAEFAE}.Release|Any CPU.ActiveCfg = Release|Any CPU
		{D189B1FF-6EC0-4F64-AF5B-288CB1AAEFAE}.Release|Any CPU.Build.0 = Release|Any CPU
		{26CB1203-3BD9-41AE-A3BD-D2E1A6804975}.Debug|Any CPU.ActiveCfg = Debug|Any CPU
		{26CB1203-3BD9-41AE-A3BD-D2E1A6804975}.Debug|Any CPU.Build.0 = Debug|Any CPU
		{26CB1203-3BD9-41AE-A3BD-D2E1A6804975}.Release|Any CPU.ActiveCfg = Release|Any CPU
		{26CB1203-3BD9-41AE-A3BD-D2E1A6804975}.Release|Any CPU.Build.0 = Release|Any CPU
	EndGlobalSection
	GlobalSection(SolutionProperties) = preSolution
		HideSolutionNode = FALSE
	EndGlobalSection
	GlobalSection(NestedProjects) = preSolution
		{3A7F7AFC-3DBE-4A5D-BD9E-B0D928EF715D} = {DDB4EF12-CC4E-5E88-E6FC-71A802F4DE97}
		{D0F00D84-AD20-C5D6-67FE-85D6CB59A7CE} = {DDB4EF12-CC4E-5E88-E6FC-71A802F4DE97}
		{EB11C1AF-3BBE-9D8B-B13B-CEF382F22312} = {DDB4EF12-CC4E-5E88-E6FC-71A802F4DE97}
		{B968AAC4-735F-4BFB-B69B-FDE2B718C959} = {D4264A2A-E8D3-4B83-A9E1-DBA7E026B392}
		{BD9E8F43-7A1F-465F-90B1-BDFF5AF25170} = {B968AAC4-735F-4BFB-B69B-FDE2B718C959}
		{1ABF9CA9-598D-4980-ABA7-8C20148F9BA9} = {EB137A66-3DB4-449E-A3F1-AA5BEEA849D8}
		{D189B1FF-6EC0-4F64-AF5B-288CB1AAEFAE} = {1ABF9CA9-598D-4980-ABA7-8C20148F9BA9}
		{8294F7E4-C93B-4DE7-BB42-EACD5A641E9E} = {D4264A2A-E8D3-4B83-A9E1-DBA7E026B392}
		{26CB1203-3BD9-41AE-A3BD-D2E1A6804975} = {8294F7E4-C93B-4DE7-BB42-EACD5A641E9E}
	EndGlobalSection
	GlobalSection(ExtensibilityGlobals) = postSolution
		SolutionGuid = {8A3F110E-C340-4706-9BE0-185F4A7C2A46}
	EndGlobalSection
EndGlobal
